# @generated - this file is auto-generated by `mise lock` https://mise.jdx.dev/dev-tools/mise-lock.html

[[tools."github:convco/convco"]]
version = "0.7.0"
backend = "github:convco/convco"

[tools."github:convco/convco"."platforms.linux-arm64"]
checksum = "sha256:d512976257e725a46ae26f6a6b6cc12a05eae8d08e2299377b1d525982a60a90"
url = "https://github.com/convco/convco/releases/download/v0.7.0/convco-aarch64-unknown-linux-musl.tar.gz"
url_api = "https://api.github.com/repos/convco/convco/releases/assets/470605287"

[tools."github:convco/convco"."platforms.linux-arm64-musl"]
checksum = "sha256:d512976257e725a46ae26f6a6b6cc12a05eae8d08e2299377b1d525982a60a90"
url = "https://github.com/convco/convco/releases/download/v0.7.0/convco-aarch64-unknown-linux-musl.tar.gz"
url_api = "https://api.github.com/repos/convco/convco/releases/assets/470605287"

[tools."github:convco/convco"."platforms.linux-x64"]
checksum = "sha256:e43b32d54f73f465f3f03b767fb1c355fc686ff0b34ec640fc82f55653bf7ab8"
url = "https://github.com/convco/convco/releases/download/v0.7.0/convco-x86_64-unknown-linux-musl.tar.gz"
url_api = "https://api.github.com/repos/convco/convco/releases/assets/470605370"

[tools."github:convco/convco"."platforms.linux-x64-musl"]
checksum = "sha256:e43b32d54f73f465f3f03b767fb1c355fc686ff0b34ec640fc82f55653bf7ab8"
url = "https://github.com/convco/convco/releases/download/v0.7.0/convco-x86_64-unknown-linux-musl.tar.gz"
url_api = "https://api.github.com/repos/convco/convco/releases/assets/470605370"

[tools."github:convco/convco"."platforms.macos-arm64"]
checksum = "sha256:5f75ede6ef52a4c9fe405c8857c11d9e6d18da247fd6e9abce364e2f7349760f"
url = "https://github.com/convco/convco/releases/download/v0.7.0/convco-aarch64-apple-darwin.tar.gz"
url_api = "https://api.github.com/repos/convco/convco/releases/assets/470605286"

[tools."github:convco/convco"."platforms.windows-x64"]
checksum = "sha256:16c238ebb5dd9a0cbb3e2c64b3c0f183c23fa64227aaffe9cc4a83fc0e73f39e"
url = "https://github.com/convco/convco/releases/download/v0.7.0/convco-x86_64-pc-windows-msvc.tar.gz"
url_api = "https://api.github.com/repos/convco/convco/releases/assets/470605366"

[[tools."github:nextest-rs/nextest"]]
version = "cargo-nextest-0.9.140"
backend = "github:nextest-rs/nextest"

[tools."github:nextest-rs/nextest"."platforms.linux-arm64"]
checksum = "sha256:8b3f4d4560b6b0f83774fecc6be07e47716dbad0eb0bb6c3890f478f4affe4b6"
url = "https://github.com/nextest-rs/nextest/releases/download/cargo-nextest-0.9.140/cargo-nextest-0.9.140-aarch64-unknown-linux-gnu.tar.gz"
url_api = "https://api.github.com/repos/nextest-rs/nextest/releases/assets/467464894"
provenance = "github-attestations"

[tools."github:nextest-rs/nextest"."platforms.linux-arm64-musl"]
checksum = "sha256:81fe08bda065ae74fa9092c444d797c31e12c245080bfb9f4dc207e21def4b98"
url = "https://github.com/nextest-rs/nextest/releases/download/cargo-nextest-0.9.140/cargo-nextest-0.9.140-aarch64-unknown-linux-musl.tar.gz"
url_api = "https://api.github.com/repos/nextest-rs/nextest/releases/assets/467465128"
provenance = "github-attestations"

[tools."github:nextest-rs/nextest"."platforms.linux-x64"]
checksum = "sha256:4ee9aaa0d0171a985a5d0eb735b87355894c1c455972e9674fb9fdbd1387c9a3"
url = "https://github.com/nextest-rs/nextest/releases/download/cargo-nextest-0.9.140/cargo-nextest-0.9.140-x86_64-unknown-linux-gnu.tar.gz"
url_api = "https://api.github.com/repos/nextest-rs/nextest/releases/assets/467470185"
provenance = "github-attestations"

[tools."github:nextest-rs/nextest"."platforms.linux-x64-musl"]
checksum = "sha256:bc2a998567816eef7b087b920036f49fb89aa2a8a603f6a3d84098be160b62c5"
url = "https://github.com/nextest-rs/nextest/releases/download/cargo-nextest-0.9.140/cargo-nextest-0.9.140-x86_64-unknown-linux-musl.tar.gz"
url_api = "https://api.github.com/repos/nextest-rs/nextest/releases/assets/467467089"
provenance = "github-attestations"

[tools."github:nextest-rs/nextest"."platforms.macos-arm64"]
checksum = "sha256:58e0a722f9444078fab447783f322acf15a2a771ba785b3fbbe8bacda31c3df9"
url = "https://github.com/nextest-rs/nextest/releases/download/cargo-nextest-0.9.140/cargo-nextest-0.9.140-universal-apple-darwin.tar.gz"
url_api = "https://api.github.com/repos/nextest-rs/nextest/releases/assets/467468113"
provenance = "github-attestations"

[tools."github:nextest-rs/nextest"."platforms.windows-x64"]
checksum = "sha256:ec39698dfe5bcfffb7d5da037f226bc1670584ba247123f4e684a0f224fe828d"
url = "https://github.com/nextest-rs/nextest/releases/download/cargo-nextest-0.9.140/cargo-nextest-0.9.140-x86_64-pc-windows-msvc.zip"
url_api = "https://api.github.com/repos/nextest-rs/nextest/releases/assets/467472279"
provenance = "github-attestations"

[[tools."github:obi1kenobi/cargo-semver-checks"]]
version = "0.50.0"
backend = "github:obi1kenobi/cargo-semver-checks"

[tools."github:obi1kenobi/cargo-semver-checks"."platforms.linux-arm64"]
checksum = "sha256:e35f435ea322659381f52e7034bb4f0470108f5b267d29f13cf08152fa4af29b"
url = "https://github.com/obi1kenobi/cargo-semver-checks/releases/download/v0.50.0/cargo-semver-checks-aarch64-unknown-linux-gnu.tar.gz"
url_api = "https://api.github.com/repos/obi1kenobi/cargo-semver-checks/releases/assets/498086634"

[tools."github:obi1kenobi/cargo-semver-checks"."platforms.linux-arm64-musl"]
checksum = "sha256:3c44160c3fdd93f72d2f5c84774c370a63e09d0d17ae0cdcc3dde346f30a1348"
url = "https://github.com/obi1kenobi/cargo-semver-checks/releases/download/v0.50.0/cargo-semver-checks-aarch64-unknown-linux-musl.tar.gz"
url_api = "https://api.github.com/repos/obi1kenobi/cargo-semver-checks/releases/assets/498086895"

[tools."github:obi1kenobi/cargo-semver-checks"."platforms.linux-x64"]
checksum = "sha256:52a65dc88dc53fa8b57d6087954eb52cda149ca03bcfca78ce3fdecd23f893c4"
url = "https://github.com/obi1kenobi/cargo-semver-checks/releases/download/v0.50.0/cargo-semver-checks-x86_64-unknown-linux-gnu.tar.gz"
url_api = "https://api.github.com/repos/obi1kenobi/cargo-semver-checks/releases/assets/498085744"

[tools."github:obi1kenobi/cargo-semver-checks"."platforms.linux-x64-musl"]
checksum = "sha256:5763f6f62310f76428ba19d42cac060c56e07a1b8e3be0394c8c686398978f48"
url = "https://github.com/obi1kenobi/cargo-semver-checks/releases/download/v0.50.0/cargo-semver-checks-x86_64-unknown-linux-musl.tar.gz"
url_api = "https://api.github.com/repos/obi1kenobi/cargo-semver-checks/releases/assets/498087038"

[tools."github:obi1kenobi/cargo-semver-checks"."platforms.macos-arm64"]
checksum = "sha256:f99f928d67501c29e8410026f27a54cf799fb13611c3b4a6a58f2772cf7e3799"
url = "https://github.com/obi1kenobi/cargo-semver-checks/releases/download/v0.50.0/cargo-semver-checks-aarch64-apple-darwin.tar.gz"
url_api = "https://api.github.com/repos/obi1kenobi/cargo-semver-checks/releases/assets/498087281"

[tools."github:obi1kenobi/cargo-semver-checks"."platforms.windows-x64"]
checksum = "sha256:58854aaeaf84fee3266d1b4d9c45df585fe0478c7cabb4db4fac8f060a636864"
url = "https://github.com/obi1kenobi/cargo-semver-checks/releases/download/v0.50.0/cargo-semver-checks-x86_64-pc-windows-msvc.zip"
url_api = "https://api.github.com/repos/obi1kenobi/cargo-semver-checks/releases/assets/498090877"

[[tools."github:taiki-e/cargo-hack"]]
version = "0.6.36"
backend = "github:taiki-e/cargo-hack"

[tools."github:taiki-e/cargo-hack"."platforms.linux-arm64"]
url = "https://github.com/taiki-e/cargo-hack/releases/download/v0.6.36/cargo-hack-aarch64-unknown-linux-gnu.tar.gz"
url_api = "https://api.github.com/repos/taiki-e/cargo-hack/releases/assets/239268936"

[tools."github:taiki-e/cargo-hack"."platforms.linux-arm64-musl"]
url = "https://github.com/taiki-e/cargo-hack/releases/download/v0.6.36/cargo-hack-aarch64-unknown-linux-musl.tar.gz"
url_api = "https://api.github.com/repos/taiki-e/cargo-hack/releases/assets/239268901"

[tools."github:taiki-e/cargo-hack"."platforms.linux-x64"]
checksum = "blake3:1a0d809f023b57a28ad60852048cdbe98c4fb8842d43bc4709608207417a1d8b"
url = "https://github.com/taiki-e/cargo-hack/releases/download/v0.6.36/cargo-hack-x86_64-unknown-linux-gnu.tar.gz"
url_api = "https://api.github.com/repos/taiki-e/cargo-hack/releases/assets/239269018"

[tools."github:taiki-e/cargo-hack"."platforms.linux-x64-musl"]
url = "https://github.com/taiki-e/cargo-hack/releases/download/v0.6.36/cargo-hack-x86_64-unknown-linux-musl.tar.gz"
url_api = "https://api.github.com/repos/taiki-e/cargo-hack/releases/assets/239269022"

[tools."github:taiki-e/cargo-hack"."platforms.macos-arm64"]
url = "https://github.com/taiki-e/cargo-hack/releases/download/v0.6.36/cargo-hack-aarch64-apple-darwin.tar.gz"
url_api = "https://api.github.com/repos/taiki-e/cargo-hack/releases/assets/239269046"

[tools."github:taiki-e/cargo-hack"."platforms.windows-x64"]
url = "https://github.com/taiki-e/cargo-hack/releases/download/v0.6.36/cargo-hack-x86_64-pc-windows-msvc.zip"
url_api = "https://api.github.com/repos/taiki-e/cargo-hack/releases/assets/239269266"

[[tools."github:taiki-e/cargo-llvm-cov"]]
version = "0.8.7"
backend = "github:taiki-e/cargo-llvm-cov"

[tools."github:taiki-e/cargo-llvm-cov"."platforms.linux-arm64"]
checksum = "sha256:8f399d84993d13998b63fbe1084377713c719b00655c7d88d5b56c8c29105d90"
url = "https://github.com/taiki-e/cargo-llvm-cov/releases/download/v0.8.7/cargo-llvm-cov-aarch64-unknown-linux-gnu.tar.gz"
url_api = "https://api.github.com/repos/taiki-e/cargo-llvm-cov/releases/assets/418861766"
provenance = "github-attestations"

[tools."github:taiki-e/cargo-llvm-cov"."platforms.linux-arm64-musl"]
checksum = "sha256:b7bb2ad514166f3b19fc06874c577eefde0010e5ac571f9ae33ff45cd19a4785"
url = "https://github.com/taiki-e/cargo-llvm-cov/releases/download/v0.8.7/cargo-llvm-cov-aarch64-unknown-linux-musl.tar.gz"
url_api = "https://api.github.com/repos/taiki-e/cargo-llvm-cov/releases/assets/418861713"
provenance = "github-attestations"

[tools."github:taiki-e/cargo-llvm-cov"."platforms.linux-x64"]
checksum = "sha256:9a75fe29538d3800b3da57f6f6efb64cba5c720a257bf0cb8b51f39d495a9168"
url = "https://github.com/taiki-e/cargo-llvm-cov/releases/download/v0.8.7/cargo-llvm-cov-x86_64-unknown-linux-gnu.tar.gz"
url_api = "https://api.github.com/repos/taiki-e/cargo-llvm-cov/releases/assets/418861574"
provenance = "github-attestations"

[tools."github:taiki-e/cargo-llvm-cov"."platforms.linux-x64-musl"]
checksum = "sha256:967b5cc996c29d8baa52bbb4595ef1f53af35255af8e2036ddbc6468d7b523c7"
url = "https://github.com/taiki-e/cargo-llvm-cov/releases/download/v0.8.7/cargo-llvm-cov-x86_64-unknown-linux-musl.tar.gz"
url_api = "https://api.github.com/repos/taiki-e/cargo-llvm-cov/releases/assets/418861752"
provenance = "github-attestations"

[tools."github:taiki-e/cargo-llvm-cov"."platforms.macos-arm64"]
checksum = "sha256:3efee732ed7e9a653e20d96c930e0ec799901289cce90f46bb20f627e2c0d2e9"
url = "https://github.com/taiki-e/cargo-llvm-cov/releases/download/v0.8.7/cargo-llvm-cov-aarch64-apple-darwin.tar.gz"
url_api = "https://api.github.com/repos/taiki-e/cargo-llvm-cov/releases/assets/418861557"
provenance = "github-attestations"

[tools."github:taiki-e/cargo-llvm-cov"."platforms.windows-x64"]
checksum = "sha256:582ef094174b2c419fba356e561209c2b612513b3609c66cdbdbde1d75e132dc"
url = "https://github.com/taiki-e/cargo-llvm-cov/releases/download/v0.8.7/cargo-llvm-cov-x86_64-pc-windows-msvc.zip"
url_api = "https://api.github.com/repos/taiki-e/cargo-llvm-cov/releases/assets/418863336"
provenance = "github-attestations"

[[tools.hk]]
version = "1.53.0"
backend = "aqua:jdx/hk"

[tools.hk."platforms.linux-arm64"]
checksum = "sha256:3cf58d268a9114f0923a06c38cf0995b9da43bf2279b09aac3c3c615a615b3e4"
url = "https://github.com/jdx/hk/releases/download/v1.53.0/hk-aarch64-unknown-linux-gnu.tar.gz"
url_api = "https://api.github.com/repos/jdx/hk/releases/assets/487429257"

[tools.hk."platforms.linux-arm64-musl"]
checksum = "sha256:36fdea5faa4994f4c46e18cb5a52f07a7db4228f1ea618cf371bc297cbc48070"
url = "https://github.com/jdx/hk/releases/download/v1.53.0/hk-aarch64-unknown-linux-musl.tar.gz"
url_api = "https://api.github.com/repos/jdx/hk/releases/assets/487429258"

[tools.hk."platforms.linux-x64"]
checksum = "sha256:960c14b3bcd61e36dcb42c304e3cc23b22ef2e6f28ac6559e3856d27acf6b54a"
url = "https://github.com/jdx/hk/releases/download/v1.53.0/hk-x86_64-unknown-linux-gnu.tar.gz"
url_api = "https://api.github.com/repos/jdx/hk/releases/assets/487429267"

[tools.hk."platforms.linux-x64-musl"]
checksum = "sha256:c2075be6f6d4b3606450bdcb58ce5d17d9668804e8ee4f9d93dda596cae2de55"
url = "https://github.com/jdx/hk/releases/download/v1.53.0/hk-x86_64-unknown-linux-musl.tar.gz"
url_api = "https://api.github.com/repos/jdx/hk/releases/assets/487429272"

[tools.hk."platforms.macos-arm64"]
checksum = "sha256:d5c1f9a4c3598cc72c9f15908af6e036b138b9dd97c8891e4d08f699c98a5069"
url = "https://github.com/jdx/hk/releases/download/v1.53.0/hk-aarch64-apple-darwin.tar.gz"
url_api = "https://api.github.com/repos/jdx/hk/releases/assets/487429255"

[tools.hk."platforms.windows-x64"]
checksum = "sha256:a2e5c6131d01cfd6d62204872798f97fc933e7f142d718b3e191434e2d31ef1c"
url = "https://github.com/jdx/hk/releases/download/v1.53.0/hk-x86_64-pc-windows-msvc.zip"
url_api = "https://api.github.com/repos/jdx/hk/releases/assets/487429261"

[[tools.rust]]
version = "1.97.1"
backend = "core:rust"

[tools.rust.options]
components = "clippy,llvm-tools-preview,rust-analyzer,rust-src,rustfmt"
profile = "minimal"
